
Microsoft Visual Studio Solution File, Format Version 12.00
# Visual Studio Version 17
VisualStudioVersion = 17.5.002.0
MinimumVisualStudioVersion = 10.0.40219.1
Project("{9A19103F-16F7-4668-BE54-9A1E7A4F7556}") = "CSharp", "CSharp.csproj", "{58888D67-8EFF-486B-B8AD-BB5215D97C42}"
EndProject
Global
	GlobalSection(SolutionConfigurationPlatforms) = preSolution
		Debug|Any CPU = Debug|Any CPU
		Release|Any CPU = Release|Any CPU
	EndGlobalSection
	GlobalSection(ProjectConfigurationPlatforms) = postSolution
		{58888D67-8EFF-486B-B8AD-BB5215D97C42}.Debug|Any CPU.ActiveCfg = Debug|Any CPU
		{58888D67-8EFF-486B-B8AD-BB5215D97C42}.Debug|Any CPU.Build.0 = Debug|Any CPU
		{58888D67-8EFF-486B-B8AD-BB5215D97C42}.Release|Any CPU.ActiveCfg = Release|Any CPU
		{58888D67-8EFF-486B-B8AD-BB5215D97C42}.Release|Any CPU.Build.0 = Release|Any CPU
	EndGlobalSection
	GlobalSection(SolutionProperties) = preSolution
		HideSolutionNode = FALSE
	EndGlobalSection
	GlobalSection(ExtensibilityGlobals) = postSolution
		SolutionGuid = {1F389DEA-808D-43FD-9EFD-1DBCC8AA5FC5}
	EndGlobalSection
EndGlobal
