
Microsoft Visual Studio Solution File, Format Version 12.00
# Visual Studio Version 17
VisualStudioVersion = 17.7.34024.191
MinimumVisualStudioVersion = 10.0.40219.1
Project("{FAE04EC0-301F-11D3-BF4B-00C04F79EFBC}") = "Scratch", "Scratch\Scratch.csproj", "{8BB31033-E5CF-412C-BF6D-872276679246}"
EndProject
Global
	GlobalSection(SolutionConfigurationPlatforms) = preSolution
		Debug|Any CPU = Debug|Any CPU
		Release|Any CPU = Release|Any CPU
	EndGlobalSection
	GlobalSection(ProjectConfigurationPlatforms) = postSolution
		{8BB31033-E5CF-412C-BF6D-872276679246}.Debug|Any CPU.ActiveCfg = Debug|Any CPU
		{8BB31033-E5CF-412C-BF6D-872276679246}.Debug|Any CPU.Build.0 = Debug|Any CPU
		{8BB31033-E5CF-412C-BF6D-872276679246}.Release|Any CPU.ActiveCfg = Release|Any CPU
		{8BB31033-E5CF-412C-BF6D-872276679246}.Release|Any CPU.Build.0 = Release|Any CPU
	EndGlobalSection
	GlobalSection(SolutionProperties) = preSolution
		HideSolutionNode = FALSE
	EndGlobalSection
	GlobalSection(ExtensibilityGlobals) = postSolution
		SolutionGuid = {F11D5520-30D6-4FCD-A178-0C628906C922}
	EndGlobalSection
EndGlobal
